
Microsoft Visual Studio Solution File, Format Version 12.00
# Visual Studio 2012
Project("{FAE04EC0-301F-11D3-BF4B-00C04F79EFBC}") = "ArcTests", "ArcTests\ArcTests.csproj", "{EBD44F8A-4B3F-4577-B443-72F4C9AF0BA3}"
EndProject
Project("{8BC9CEB8-8B4A-11D0-8D11-00A0C91BC942}") = "CompLibrary", "CompLibrary\CompLibrary.vcxproj", "{B6148FCA-92B3-4EFB-B15D-12C2C7FD51A1}"
	ProjectSection(ProjectDependencies) = postProject
		{E1044DFB-3B3C-410D-A420-C041C9589421} = {E1044DFB-3B3C-410D-A420-C041C9589421}
	EndProjectSection
EndProject
Project("{8BC9CEB8-8B4A-11D0-8D11-00A0C91BC942}") = "CLib", "CLib\CLib.vcxproj", "{E1044DFB-3B3C-410D-A420-C041C9589421}"
EndProject
Global
	GlobalSection(SolutionConfigurationPlatforms) = preSolution
		Debug|Any CPU = Debug|Any CPU
		Debug|Mixed Platforms = Debug|Mixed Platforms
		Debug|Win32 = Debug|Win32
		Release|Any CPU = Release|Any CPU
		Release|Mixed Platforms = Release|Mixed Platforms
		Release|Win32 = Release|Win32
	EndGlobalSection
	GlobalSection(ProjectConfigurationPlatforms) = postSolution
		{EBD44F8A-4B3F-4577-B443-72F4C9AF0BA3}.Debug|Any CPU.ActiveCfg = Debug|Any CPU
		{EBD44F8A-4B3F-4577-B443-72F4C9AF0BA3}.Debug|Any CPU.Build.0 = Debug|Any CPU
		{EBD44F8A-4B3F-4577-B443-72F4C9AF0BA3}.Debug|Mixed Platforms.ActiveCfg = Debug|Any CPU
		{EBD44F8A-4B3F-4577-B443-72F4C9AF0BA3}.Debug|Mixed Platforms.Build.0 = Debug|Any CPU
		{EBD44F8A-4B3F-4577-B443-72F4C9AF0BA3}.Debug|Win32.ActiveCfg = Debug|Any CPU
		{EBD44F8A-4B3F-4577-B443-72F4C9AF0BA3}.Debug|Win32.Build.0 = Debug|Any CPU
		{EBD44F8A-4B3F-4577-B443-72F4C9AF0BA3}.Release|Any CPU.ActiveCfg = Release|Any CPU
		{EBD44F8A-4B3F-4577-B443-72F4C9AF0BA3}.Release|Any CPU.Build.0 = Release|Any CPU
		{EBD44F8A-4B3F-4577-B443-72F4C9AF0BA3}.Release|Mixed Platforms.ActiveCfg = Release|Any CPU
		{EBD44F8A-4B3F-4577-B443-72F4C9AF0BA3}.Release|Mixed Platforms.Build.0 = Release|Any CPU
		{EBD44F8A-4B3F-4577-B443-72F4C9AF0BA3}.Release|Win32.ActiveCfg = Release|Any CPU
		{EBD44F8A-4B3F-4577-B443-72F4C9AF0BA3}.Release|Win32.Build.0 = Release|Any CPU
		{B6148FCA-92B3-4EFB-B15D-12C2C7FD51A1}.Debug|Any CPU.ActiveCfg = Debug|Win32
		{B6148FCA-92B3-4EFB-B15D-12C2C7FD51A1}.Debug|Mixed Platforms.ActiveCfg = Debug|Win32
		{B6148FCA-92B3-4EFB-B15D-12C2C7FD51A1}.Debug|Mixed Platforms.Build.0 = Debug|Win32
		{B6148FCA-92B3-4EFB-B15D-12C2C7FD51A1}.Debug|Win32.ActiveCfg = Debug|Win32
		{B6148FCA-92B3-4EFB-B15D-12C2C7FD51A1}.Debug|Win32.Build.0 = Debug|Win32
		{B6148FCA-92B3-4EFB-B15D-12C2C7FD51A1}.Release|Any CPU.ActiveCfg = Release|Win32
		{B6148FCA-92B3-4EFB-B15D-12C2C7FD51A1}.Release|Mixed Platforms.ActiveCfg = Release|Win32
		{B6148FCA-92B3-4EFB-B15D-12C2C7FD51A1}.Release|Mixed Platforms.Build.0 = Release|Win32
		{B6148FCA-92B3-4EFB-B15D-12C2C7FD51A1}.Release|Win32.ActiveCfg = Release|Win32
		{B6148FCA-92B3-4EFB-B15D-12C2C7FD51A1}.Release|Win32.Build.0 = Release|Win32
		{E1044DFB-3B3C-410D-A420-C041C9589421}.Debug|Any CPU.ActiveCfg = Debug|Win32
		{E1044DFB-3B3C-410D-A420-C041C9589421}.Debug|Mixed Platforms.ActiveCfg = Debug|Win32
		{E1044DFB-3B3C-410D-A420-C041C9589421}.Debug|Mixed Platforms.Build.0 = Debug|Win32
		{E1044DFB-3B3C-410D-A420-C041C9589421}.Debug|Win32.ActiveCfg = Debug|Win32
		{E1044DFB-3B3C-410D-A420-C041C9589421}.Debug|Win32.Build.0 = Debug|Win32
		{E1044DFB-3B3C-410D-A420-C041C9589421}.Release|Any CPU.ActiveCfg = Release|Win32
		{E1044DFB-3B3C-410D-A420-C041C9589421}.Release|Mixed Platforms.ActiveCfg = Release|Win32
		{E1044DFB-3B3C-410D-A420-C041C9589421}.Release|Mixed Platforms.Build.0 = Release|Win32
		{E1044DFB-3B3C-410D-A420-C041C9589421}.Release|Win32.ActiveCfg = Release|Win32
		{E1044DFB-3B3C-410D-A420-C041C9589421}.Release|Win32.Build.0 = Release|Win32
	EndGlobalSection
	GlobalSection(SolutionProperties) = preSolution
		HideSolutionNode = FALSE
	EndGlobalSection
EndGlobal
