<?xml version="1.0" encoding="utf-8"?>
<Project ToolsVersion="4.0" xmlns="http://schemas.microsoft.com/developer/msbuild/2003">
  <ItemGroup>
    <Filter Include="Source Files">
      <UniqueIdentifier>{4FC737F1-C7A5-4376-A066-2A32D752A2FF}</UniqueIdentifier>
      <Extensions>cpp;c;cc;cxx;def;odl;idl;hpj;bat;asm;asmx</Extensions>
    </Filter>
    <Filter Include="Header Files">
      <UniqueIdentifier>{93995380-89BD-4b04-88EB-625FBE52EBFB}</UniqueIdentifier>
      <Extensions>h;hpp;hxx;hm;inl;inc;xsd</Extensions>
    </Filter>
    <Filter Include="Resource Files">
      <UniqueIdentifier>{67DA6AB6-F800-4c08-8B7A-83BB121AAD01}</UniqueIdentifier>
      <Extensions>rc;ico;cur;bmp;dlg;rc2;rct;bin;rgs;gif;jpg;jpeg;jpe;resx;tiff;tif;png;wav;mfcribbon-ms</Extensions>
    </Filter>
    <Filter Include="Header Files\Base">
      <UniqueIdentifier>{3f62045f-21bb-4c92-bcfc-0b50e75c1af2}</UniqueIdentifier>
    </Filter>
    <Filter Include="Source Files\Base">
      <UniqueIdentifier>{97868916-d40e-401a-bac0-8b14eb36628b}</UniqueIdentifier>
    </Filter>
  </ItemGroup>
  <ItemGroup>
    <Text Include="ReadMe.txt" />
  </ItemGroup>
  <ItemGroup>
    <ClInclude Include="src\Base\Act.h">
      <Filter>Header Files\Base</Filter>
    </ClInclude>
    <ClInclude Include="src\Base\BitReader.h">
      <Filter>Header Files\Base</Filter>
    </ClInclude>
    <ClInclude Include="src\Base\Charbuf.h">
      <Filter>Header Files\Base</Filter>
    </ClInclude>
    <ClInclude Include="src\Base\OutBitStream.h">
      <Filter>Header Files\Base</Filter>
    </ClInclude>
    <ClInclude Include="src\AdHuffman.h">
      <Filter>Header Files</Filter>
    </ClInclude>
    <ClInclude Include="src\AdvRLE.h">
      <Filter>Header Files</Filter>
    </ClInclude>
    <ClInclude Include="src\Arythmetic.h">
      <Filter>Header Files</Filter>
    </ClInclude>
    <ClInclude Include="src\Base.h">
      <Filter>Header Files</Filter>
    </ClInclude>
    <ClInclude Include="src\BWT.h">
      <Filter>Header Files</Filter>
    </ClInclude>
    <ClInclude Include="src\CLib.h">
      <Filter>Header Files</Filter>
    </ClInclude>
    <ClInclude Include="src\Delta.h">
      <Filter>Header Files</Filter>
    </ClInclude>
    <ClInclude Include="src\Huffman.h">
      <Filter>Header Files</Filter>
    </ClInclude>
    <ClInclude Include="src\IActFactory.h">
      <Filter>Header Files</Filter>
    </ClInclude>
    <ClInclude Include="src\LZ78.h">
      <Filter>Header Files</Filter>
    </ClInclude>
    <ClInclude Include="src\LZB.h">
      <Filter>Header Files</Filter>
    </ClInclude>
    <ClInclude Include="src\LZSS.h">
      <Filter>Header Files</Filter>
    </ClInclude>
    <ClInclude Include="src\LZSSAdHuf.h">
      <Filter>Header Files</Filter>
    </ClInclude>
    <ClInclude Include="src\LZSSRAW.h">
      <Filter>Header Files</Filter>
    </ClInclude>
    <ClInclude Include="src\MTF.h">
      <Filter>Header Files</Filter>
    </ClInclude>
    <ClInclude Include="src\ParallelBWT.h">
      <Filter>Header Files</Filter>
    </ClInclude>
    <ClInclude Include="src\Probability.h">
      <Filter>Header Files</Filter>
    </ClInclude>
    <ClInclude Include="src\RLE.h">
      <Filter>Header Files</Filter>
    </ClInclude>
    <ClInclude Include="src\RLE12.h">
      <Filter>Header Files</Filter>
    </ClInclude>
    <ClInclude Include="src\targetver.h">
      <Filter>Header Files</Filter>
    </ClInclude>
  </ItemGroup>
  <ItemGroup>
    <ClCompile Include="src\Base\Act.cpp">
      <Filter>Source Files\Base</Filter>
    </ClCompile>
    <ClCompile Include="src\Base\BitReader.cpp">
      <Filter>Source Files\Base</Filter>
    </ClCompile>
    <ClCompile Include="src\Base\Charbuf.cpp">
      <Filter>Source Files\Base</Filter>
    </ClCompile>
    <ClCompile Include="src\Base\OutBitStream.cpp">
      <Filter>Source Files\Base</Filter>
    </ClCompile>
    <ClCompile Include="src\AdHuffman.cpp">
      <Filter>Source Files</Filter>
    </ClCompile>
    <ClCompile Include="src\AdvRle.cpp">
      <Filter>Source Files</Filter>
    </ClCompile>
    <ClCompile Include="src\Arythmetic.cpp">
      <Filter>Source Files</Filter>
    </ClCompile>
    <ClCompile Include="src\Base.cpp">
      <Filter>Source Files</Filter>
    </ClCompile>
    <ClCompile Include="src\BWT.cpp">
      <Filter>Source Files</Filter>
    </ClCompile>
    <ClCompile Include="src\CLib.cpp">
      <Filter>Source Files</Filter>
    </ClCompile>
    <ClCompile Include="src\Delta.cpp">
      <Filter>Source Files</Filter>
    </ClCompile>
    <ClCompile Include="src\dllmain.cpp">
      <Filter>Source Files</Filter>
    </ClCompile>
    <ClCompile Include="src\Huffman.cpp">
      <Filter>Source Files</Filter>
    </ClCompile>
    <ClCompile Include="src\LZ78.cpp">
      <Filter>Source Files</Filter>
    </ClCompile>
    <ClCompile Include="src\LZB.cpp">
      <Filter>Source Files</Filter>
    </ClCompile>
    <ClCompile Include="src\LZSS.cpp">
      <Filter>Source Files</Filter>
    </ClCompile>
    <ClCompile Include="src\LZSSAdHuf.cpp">
      <Filter>Source Files</Filter>
    </ClCompile>
    <ClCompile Include="src\LZSSRAW.cpp">
      <Filter>Source Files</Filter>
    </ClCompile>
    <ClCompile Include="src\MTF.cpp">
      <Filter>Source Files</Filter>
    </ClCompile>
    <ClCompile Include="src\ParallelBWT.cpp">
      <Filter>Source Files</Filter>
    </ClCompile>
    <ClCompile Include="src\Probability.cpp">
      <Filter>Source Files</Filter>
    </ClCompile>
    <ClCompile Include="src\RLE.cpp">
      <Filter>Source Files</Filter>
    </ClCompile>
    <ClCompile Include="src\RLE12.cpp">
      <Filter>Source Files</Filter>
    </ClCompile>
  </ItemGroup>
</Project>